
Microsoft Visual Studio Solution File, Format Version 12.00
# Visual Studio 14
VisualStudioVersion = 14.0.25123.0
MinimumVisualStudioVersion = 10.0.40219.1
Project("{2150E333-8FDC-42A3-9474-1A3956D46DE8}") = "01.DatabaseScript", "01.DatabaseScript", "{69291198-5D02-4602-9990-CFDDC89244B9}"
	ProjectSection(SolutionItems) = preProject
		..\..\..\My Documents\script.sql = ..\..\..\My Documents\script.sql
	EndProjectSection
EndProject
Project("{FAE04EC0-301F-11D3-BF4B-00C04F79EFBC}") = "RestaurantManage", "RestaurantManage\RestaurantManage\RestaurantManage.csproj", "{9D700BEB-8778-455F-878C-BFE987E01A25}"
	ProjectSection(ProjectDependencies) = postProject
		{9F50B0CF-6B68-4D94-B0E3-E14518BEBFF9} = {9F50B0CF-6B68-4D94-B0E3-E14518BEBFF9}
	EndProjectSection
EndProject
Project("{FAE04EC0-301F-11D3-BF4B-00C04F79EFBC}") = "RestaurantServices", "RestaurantServices\RestaurantServices.csproj", "{9F50B0CF-6B68-4D94-B0E3-E14518BEBFF9}"
EndProject
Global
	GlobalSection(SolutionConfigurationPlatforms) = preSolution
		Debug|Any CPU = Debug|Any CPU
		Release|Any CPU = Release|Any CPU
	EndGlobalSection
	GlobalSection(ProjectConfigurationPlatforms) = postSolution
		{9D700BEB-8778-455F-878C-BFE987E01A25}.Debug|Any CPU.ActiveCfg = Debug|Any CPU
		{9D700BEB-8778-455F-878C-BFE987E01A25}.Debug|Any CPU.Build.0 = Debug|Any CPU
		{9D700BEB-8778-455F-878C-BFE987E01A25}.Release|Any CPU.ActiveCfg = Release|Any CPU
		{9D700BEB-8778-455F-878C-BFE987E01A25}.Release|Any CPU.Build.0 = Release|Any CPU
		{9F50B0CF-6B68-4D94-B0E3-E14518BEBFF9}.Debug|Any CPU.ActiveCfg = Debug|Any CPU
		{9F50B0CF-6B68-4D94-B0E3-E14518BEBFF9}.Debug|Any CPU.Build.0 = Debug|Any CPU
		{9F50B0CF-6B68-4D94-B0E3-E14518BEBFF9}.Release|Any CPU.ActiveCfg = Release|Any CPU
		{9F50B0CF-6B68-4D94-B0E3-E14518BEBFF9}.Release|Any CPU.Build.0 = Release|Any CPU
	EndGlobalSection
	GlobalSection(SolutionProperties) = preSolution
		HideSolutionNode = FALSE
	EndGlobalSection
EndGlobal
